// !$*UTF8*$!
{
	archiveVersion = 1;
	classes = {
	};
	objectVersion = 50;
	objects = {

/* Begin PBXBuildFile section */
		1C96B03B2458C04B00BCC99E /* RoomModel.swift in Sources */ = {isa = PBXBuildFile; fileRef = 1C96B03A2458C04B00BCC99E /* RoomModel.swift */; };
		1C96B03D2458C05300BCC99E /* CharacterModel.swift in Sources */ = {isa = PBXBuildFile; fileRef = 1C96B03C2458C05300BCC99E /* CharacterModel.swift */; };
		1C96B03F2458C05C00BCC99E /* ItemModel.swift in Sources */ = {isa = PBXBuildFile; fileRef = 1C96B03E2458C05C00BCC99E /* ItemModel.swift */; };
		85F1AA6324578689008B6EAA /* AppDelegate.swift in Sources */ = {isa = PBXBuildFile; fileRef = 85F1AA6224578689008B6EAA /* AppDelegate.swift */; };
		85F1AA6524578689008B6EAA /* SceneDelegate.swift in Sources */ = {isa = PBXBuildFile; fileRef = 85F1AA6424578689008B6EAA /* SceneDelegate.swift */; };
		85F1AA6724578689008B6EAA /* ViewController.swift in Sources */ = {isa = PBXBuildFile; fileRef = 85F1AA6624578689008B6EAA /* ViewController.swift */; };
		85F1AA6A24578689008B6EAA /* Main.storyboard in Resources */ = {isa = PBXBuildFile; fileRef = 85F1AA6824578689008B6EAA /* Main.storyboard */; };
		85F1AA6C24578689008B6EAA /* Assets.xcassets in Resources */ = {isa = PBXBuildFile; fileRef = 85F1AA6B24578689008B6EAA /* Assets.xcassets */; };
		85F1AA6F24578689008B6EAA /* LaunchScreen.storyboard in Resources */ = {isa = PBXBuildFile; fileRef = 85F1AA6D24578689008B6EAA /* LaunchScreen.storyboard */; };
/* End PBXBuildFile section */

/* Begin PBXFileReference section */
		1C96B03A2458C04B00BCC99E /* RoomModel.swift */ = {isa = PBXFileReference; lastKnownFileType = sourcecode.swift; path = RoomModel.swift; sourceTree = "<group>"; };
		1C96B03C2458C05300BCC99E /* CharacterModel.swift */ = {isa = PBXFileReference; lastKnownFileType = sourcecode.swift; path = CharacterModel.swift; sourceTree = "<group>"; };
		1C96B03E2458C05C00BCC99E /* ItemModel.swift */ = {isa = PBXFileReference; lastKnownFileType = sourcecode.swift; path = ItemModel.swift; sourceTree = "<group>"; };
		85F1AA5F24578689008B6EAA /* ForestAdventures.app */ = {isa = PBXFileReference; explicitFileType = wrapper.application; includeInIndex = 0; path = ForestAdventures.app; sourceTree = BUILT_PRODUCTS_DIR; };
		85F1AA6224578689008B6EAA /* AppDelegate.swift */ = {isa = PBXFileReference; lastKnownFileType = sourcecode.swift; path = AppDelegate.swift; sourceTree = "<group>"; };
		85F1AA6424578689008B6EAA /* SceneDelegate.swift */ = {isa = PBXFileReference; lastKnownFileType = sourcecode.swift; path = SceneDelegate.swift; sourceTree = "<group>"; };
		85F1AA6624578689008B6EAA /* ViewController.swift */ = {isa = PBXFileReference; lastKnownFileType = sourcecode.swift; path = ViewController.swift; sourceTree = "<group>"; };
		85F1AA6924578689008B6EAA /* Base */ = {isa = PBXFileReference; lastKnownFileType = file.storyboard; name = Base; path = Base.lproj/Main.storyboard; sourceTree = "<group>"; };
		85F1AA6B24578689008B6EAA /* Assets.xcassets */ = {isa = PBXFileReference; lastKnownFileType = folder.assetcatalog; path = Assets.xcassets; sourceTree = "<group>"; };
		85F1AA6E24578689008B6EAA /* Base */ = {isa = PBXFileReference; lastKnownFileType = file.storyboard; name = Base; path = Base.lproj/LaunchScreen.storyboard; sourceTree = "<group>"; };
		85F1AA7024578689008B6EAA /* Info.plist */ = {isa = PBXFileReference; lastKnownFileType = text.plist.xml; path = Info.plist; sourceTree = "<group>"; };
/* End PBXFileReference section */

/* Begin PBXFrameworksBuildPhase section */
		85F1AA5C24578689008B6EAA /* Frameworks */ = {
			isa = PBXFrameworksBuildPhase;
			buildActionMask = 2147483647;
			files = (
			);
			runOnlyForDeploymentPostprocessing = 0;
		};
/* End PBXFrameworksBuildPhase section */

/* Begin PBXGroup section */
		1C96B0402458C06600BCC99E /* Models */ = {
			isa = PBXGroup;
			children = (
				1C96B03A2458C04B00BCC99E /* RoomModel.swift */,
				1C96B03C2458C05300BCC99E /* CharacterModel.swift */,
				1C96B03E2458C05C00BCC99E /* ItemModel.swift */,
			);
			path = Models;
			sourceTree = "<group>";
		};
		85F1AA5624578689008B6EAA = {
			isa = PBXGroup;
			children = (
				85F1AA6124578689008B6EAA /* ForestAdventures */,
				85F1AA6024578689008B6EAA /* Products */,
			);
			sourceTree = "<group>";
		};
		85F1AA6024578689008B6EAA /* Products */ = {
			isa = PBXGroup;
			children = (
				85F1AA5F24578689008B6EAA /* ForestAdventures.app */,
			);
			name = Products;
			sourceTree = "<group>";
		};
		85F1AA6124578689008B6EAA /* ForestAdventures */ = {
			isa = PBXGroup;
			children = (
				85F1AA6224578689008B6EAA /* AppDelegate.swift */,
				85F1AA6424578689008B6EAA /* SceneDelegate.swift */,
				85F1AA6624578689008B6EAA /* ViewController.swift */,
				1C96B0402458C06600BCC99E /* Models */,
				85F1AA6824578689008B6EAA /* Main.storyboard */,
				85F1AA6B24578689008B6EAA /* Assets.xcassets */,
				85F1AA6D24578689008B6EAA /* LaunchScreen.storyboard */,
				85F1AA7024578689008B6EAA /* Info.plist */,
			);
			path = ForestAdventures;
			sourceTree = "<group>";
		};
/* End PBXGroup section */

/* Begin PBXNativeTarget section */
		85F1AA5E24578689008B6EAA /* ForestAdventures */ = {
			isa = PBXNativeTarget;
			buildConfigurationList = 85F1AA7324578689008B6EAA /* Build configuration list for PBXNativeTarget "ForestAdventures" */;
			buildPhases = (
				85F1AA5B24578689008B6EAA /* Sources */,
				85F1AA5C24578689008B6EAA /* Frameworks */,
				85F1AA5D24578689008B6EAA /* Resources */,
			);
			buildRules = (
			);
			dependencies = (
			);
			name = ForestAdventures;
			productName = ForestAdventures;
			productReference = 85F1AA5F24578689008B6EAA /* ForestAdventures.app */;
			productType = "com.apple.product-type.application";
		};
/* End PBXNativeTarget section */

/* Begin PBXProject section */
		85F1AA5724578689008B6EAA /* Project object */ = {
			isa = PBXProject;
			attributes = {
				LastSwiftUpdateCheck = 1140;
				LastUpgradeCheck = 1140;
				ORGANIZATIONNAME = "Brandi Bailey";
				TargetAttributes = {
					85F1AA5E24578689008B6EAA = {
						CreatedOnToolsVersion = 11.4.1;
					};
				};
			};
			buildConfigurationList = 85F1AA5A24578689008B6EAA /* Build configuration list for PBXProject "ForestAdventures" */;
			compatibilityVersion = "Xcode 9.3";
			developmentRegion = en;
			hasScannedForEncodings = 0;
			knownRegions = (
				en,
				Base,
			);
			mainGroup = 85F1AA5624578689008B6EAA;
			productRefGroup = 85F1AA6024578689008B6EAA /* Products */;
			projectDirPath = "";
			projectRoot = "";
			targets = (
				85F1AA5E24578689008B6EAA /* ForestAdventures */,
			);
		};
/* End PBXProject section */

/* Begin PBXResourcesBuildPhase section */
		85F1AA5D24578689008B6EAA /* Resources */ = {
			isa = PBXResourcesBuildPhase;
			buildActionMask = 2147483647;
			files = (
				85F1AA6F24578689008B6EAA /* LaunchScreen.storyboard in Resources */,
				85F1AA6C24578689008B6EAA /* Assets.xcassets in Resources */,
				85F1AA6A24578689008B6EAA /* Main.storyboard in Resources */,
			);
			runOnlyForDeploymentPostprocessing = 0;
		};
/* End PBXResourcesBuildPhase section */

/* Begin PBXSourcesBuildPhase section */
		85F1AA5B24578689008B6EAA /* Sources */ = {
			isa = PBXSourcesBuildPhase;
			buildActionMask = 2147483647;
			files = (
				1C96B03F2458C05C00BCC99E /* ItemModel.swift in Sources */,
				1C96B03B2458C04B00BCC99E /* RoomModel.swift in Sources */,
				1C96B03D2458C05300BCC99E /* CharacterModel.swift in Sources */,
				85F1AA6724578689008B6EAA /* ViewController.swift in Sources */,
				85F1AA6324578689008B6EAA /* AppDelegate.swift in Sources */,
				85F1AA6524578689008B6EAA /* SceneDelegate.swift in Sources */,
			);
			runOnlyForDeploymentPostprocessing = 0;
		};
/* End PBXSourcesBuildPhase section */

/* Begin PBXVariantGroup section */
		85F1AA6824578689008B6EAA /* Main.storyboard */ = {
			isa = PBXVariantGroup;
			children = (
				85F1AA6924578689008B6EAA /* Base */,
			);
			name = Main.storyboard;
			sourceTree = "<group>";
		};
		85F1AA6D24578689008B6EAA /* LaunchScreen.storyboard */ = {
			isa = PBXVariantGroup;
			children = (
				85F1AA6E24578689008B6EAA /* Base */,
			);
			name = LaunchScreen.storyboard;
			sourceTree = "<group>";
		};
/* End PBXVariantGroup section */

/* Begin XCBuildConfiguration section */
		85F1AA7124578689008B6EAA /* Debug */ = {
			isa = XCBuildConfiguration;
			buildSettings = {
				ALWAYS_SEARCH_USER_PATHS = NO;
				CLANG_ANALYZER_NONNULL = YES;
				CLANG_ANALYZER_NUMBER_OBJECT_CONVERSION = YES_AGGRESSIVE;
				CLANG_CXX_LANGUAGE_STANDARD = "gnu++14";
				CLANG_CXX_LIBRARY = "libc++";
				CLANG_ENABLE_MODULES = YES;
				CLANG_ENABLE_OBJC_ARC = YES;
				CLANG_ENABLE_OBJC_WEAK = YES;
				CLANG_WARN_BLOCK_CAPTURE_AUTORELEASING = YES;
				CLANG_WARN_BOOL_CONVERSION = YES;
				CLANG_WARN_COMMA = YES;
				CLANG_WARN_CONSTANT_CONVERSION = YES;
				CLANG_WARN_DEPRECATED_OBJC_IMPLEMENTATIONS = YES;
				CLANG_WARN_DIRECT_OBJC_ISA_USAGE = YES_ERROR;
				CLANG_WARN_DOCUMENTATION_COMMENTS = YES;
				CLANG_WARN_EMPTY_BODY = YES;
				CLANG_WARN_ENUM_CONVERSION = YES;
				CLANG_WARN_INFINITE_RECURSION = YES;
				CLANG_WARN_INT_CONVERSION = YES;
				CLANG_WARN_NON_LITERAL_NULL_CONVERSION = YES;
				CLANG_WARN_OBJC_IMPLICIT_RETAIN_SELF = YES;
				CLANG_WARN_OBJC_LITERAL_CONVERSION = YES;
				CLANG_WARN_OBJC_ROOT_CLASS = YES_ERROR;
				CLANG_WARN_RANGE_LOOP_ANALYSIS = YES;
				CLANG_WARN_STRICT_PROTOTYPES = YES;
				CLANG_WARN_SUSPICIOUS_MOVE = YES;
				CLANG_WARN_UNGUARDED_AVAILABILITY = YES_AGGRESSIVE;
				CLANG_WARN_UNREACHABLE_CODE = YES;
				CLANG_WARN__DUPLICATE_METHOD_MATCH = YES;
				COPY_PHASE_STRIP = NO;
				DEBUG_INFORMATION_FORMAT = dwarf;
				ENABLE_STRICT_OBJC_MSGSEND = YES;
				ENABLE_TESTABILITY = YES;
				GCC_C_LANGUAGE_STANDARD = gnu11;
				GCC_DYNAMIC_NO_PIC = NO;
				GCC_NO_COMMON_BLOCKS = YES;
				GCC_OPTIMIZATION_LEVEL = 0;
				GCC_PREPROCESSOR_DEFINITIONS = (
					"DEBUG=1",
					"$(inherited)",
				);
				GCC_WARN_64_TO_32_BIT_CONVERSION = YES;
				GCC_WARN_ABOUT_RETURN_TYPE = YES_ERROR;
				GCC_WARN_UNDECLARED_SELECTOR = YES;
				GCC_WARN_UNINITIALIZED_AUTOS = YES_AGGRESSIVE;
				GCC_WARN_UNUSED_FUNCTION = YES;
				GCC_WARN_UNUSED_VARIABLE = YES;
				IPHONEOS_DEPLOYMENT_TARGET = 13.4;
				MTL_ENABLE_DEBUG_INFO = INCLUDE_SOURCE;
				MTL_FAST_MATH = YES;
				ONLY_ACTIVE_ARCH = YES;
				SDKROOT = iphoneos;
				SWIFT_ACTIVE_COMPILATION_CONDITIONS = DEBUG;
				SWIFT_OPTIMIZATION_LEVEL = "-Onone";
			};
			name = Debug;
		};
		85F1AA7224578689008B6EAA /* Release */ = {
			isa = XCBuildConfiguration;
			buildSettings = {
				ALWAYS_SEARCH_USER_PATHS = NO;
				CLANG_ANALYZER_NONNULL = YES;
				CLANG_ANALYZER_NUMBER_OBJECT_CONVERSION = YES_AGGRESSIVE;
				CLANG_CXX_LANGUAGE_STANDARD = "gnu++14";
				CLANG_CXX_LIBRARY = "libc++";
				CLANG_ENABLE_MODULES = YES;
				CLANG_ENABLE_OBJC_ARC = YES;
				CLANG_ENABLE_OBJC_WEAK = YES;
				CLANG_WARN_BLOCK_CAPTURE_AUTORELEASING = YES;
				CLANG_WARN_BOOL_CONVERSION = YES;
				CLANG_WARN_COMMA = YES;
				CLANG_WARN_CONSTANT_CONVERSION = YES;
				CLANG_WARN_DEPRECATED_OBJC_IMPLEMENTATIONS = YES;
				CLANG_WARN_DIRECT_OBJC_ISA_USAGE = YES_ERROR;
				CLANG_WARN_DOCUMENTATION_COMMENTS = YES;
				CLANG_WARN_EMPTY_BODY = YES;
				CLANG_WARN_ENUM_CONVERSION = YES;
				CLANG_WARN_INFINITE_RECURSION = YES;
				CLANG_WARN_INT_CONVERSION = YES;
				CLANG_WARN_NON_LITERAL_NULL_CONVERSION = YES;
				CLANG_WARN_OBJC_IMPLICIT_RETAIN_SELF = YES;
				CLANG_WARN_OBJC_LITERAL_CONVERSION = YES;
				CLANG_WARN_OBJC_ROOT_CLASS = YES_ERROR;
				CLANG_WARN_RANGE_LOOP_ANALYSIS = YES;
				CLANG_WARN_STRICT_PROTOTYPES = YES;
				CLANG_WARN_SUSPICIOUS_MOVE = YES;
				CLANG_WARN_UNGUARDED_AVAILABILITY = YES_AGGRESSIVE;
				CLANG_WARN_UNREACHABLE_CODE = YES;
				CLANG_WARN__DUPLICATE_METHOD_MATCH = YES;
				COPY_PHASE_STRIP = NO;
				DEBUG_INFORMATION_FORMAT = "dwarf-with-dsym";
				ENABLE_NS_ASSERTIONS = NO;
				ENABLE_STRICT_OBJC_MSGSEND = YES;
				GCC_C_LANGUAGE_STANDARD = gnu11;
				GCC_NO_COMMON_BLOCKS = YES;
				GCC_WARN_64_TO_32_BIT_CONVERSION = YES;
				GCC_WARN_ABOUT_RETURN_TYPE = YES_ERROR;
				GCC_WARN_UNDECLARED_SELECTOR = YES;
				GCC_WARN_UNINITIALIZED_AUTOS = YES_AGGRESSIVE;
				GCC_WARN_UNUSED_FUNCTION = YES;
				GCC_WARN_UNUSED_VARIABLE = YES;
				IPHONEOS_DEPLOYMENT_TARGET = 13.4;
				MTL_ENABLE_DEBUG_INFO = NO;
				MTL_FAST_MATH = YES;
				SDKROOT = iphoneos;
				SWIFT_COMPILATION_MODE = wholemodule;
				SWIFT_OPTIMIZATION_LEVEL = "-O";
				VALIDATE_PRODUCT = YES;
			};
			name = Release;
		};
		85F1AA7424578689008B6EAA /* Debug */ = {
			isa = XCBuildConfiguration;
			buildSettings = {
				ASSETCATALOG_COMPILER_APPICON_NAME = AppIcon;
				CODE_SIGN_STYLE = Automatic;
				DEVELOPMENT_TEAM = U969WBXYCP;
				INFOPLIST_FILE = ForestAdventures/Info.plist;
				LD_RUNPATH_SEARCH_PATHS = (
					"$(inherited)",
					"@executable_path/Frameworks",
				);
				PRODUCT_BUNDLE_IDENTIFIER = com.Squee.ForestAdventures;
				PRODUCT_NAME = "$(TARGET_NAME)";
				SWIFT_VERSION = 5.0;
				TARGETED_DEVICE_FAMILY = "1,2";
			};
			name = Debug;
		};
		85F1AA7524578689008B6EAA /* Release */ = {
			isa = XCBuildConfiguration;
			buildSettings = {
				ASSETCATALOG_COMPILER_APPICON_NAME = AppIcon;
				CODE_SIGN_STYLE = Automatic;
				DEVELOPMENT_TEAM = U969WBXYCP;
				INFOPLIST_FILE = ForestAdventures/Info.plist;
				LD_RUNPATH_SEARCH_PATHS = (
					"$(inherited)",
					"@executable_path/Frameworks",
				);
				PRODUCT_BUNDLE_IDENTIFIER = com.Squee.ForestAdventures;
				PRODUCT_NAME = "$(TARGET_NAME)";
				SWIFT_VERSION = 5.0;
				TARGETED_DEVICE_FAMILY = "1,2";
			};
			name = Release;
		};
/* End XCBuildConfiguration section */

/* Begin XCConfigurationList section */
		85F1AA5A24578689008B6EAA /* Build configuration list for PBXProject "ForestAdventures" */ = {
			isa = XCConfigurationList;
			buildConfigurations = (
				85F1AA7124578689008B6EAA /* Debug */,
				85F1AA7224578689008B6EAA /* Release */,
			);
			defaultConfigurationIsVisible = 0;
			defaultConfigurationName = Release;
		};
		85F1AA7324578689008B6EAA /* Build configuration list for PBXNativeTarget "ForestAdventures" */ = {
			isa = XCConfigurationList;
			buildConfigurations = (
				85F1AA7424578689008B6EAA /* Debug */,
				85F1AA7524578689008B6EAA /* Release */,
			);
			defaultConfigurationIsVisible = 0;
			defaultConfigurationName = Release;
		};
/* End XCConfigurationList section */
	};
	rootObject = 85F1AA5724578689008B6EAA /* Project object */;
}
